
Microsoft Visual Studio Solution File, Format Version 12.00
# Visual Studio 15
VisualStudioVersion = 15.0.28307.329
MinimumVisualStudioVersion = 10.0.40219.1
Project("{FAE04EC0-301F-11D3-BF4B-00C04F79EFBC}") = "Esercizi.Net.ConsoleApp", "Esercizi.Net.ConsoleApp\Esercizi.Net.ConsoleApp.csproj", "{66B42BF0-C11E-4167-B944-68767AC26459}"
EndProject
Project("{FAE04EC0-301F-11D3-BF4B-00C04F79EFBC}") = "Esercizi.Net.BusinesLogic", "Esercizi.Net.BusinesLogic\Esercizi.Net.BusinesLogic.csproj", "{10045C37-1CA9-4F86-BD78-139A568BA07F}"
EndProject
Global
	GlobalSection(SolutionConfigurationPlatforms) = preSolution
		Debug|Any CPU = Debug|Any CPU
		Release|Any CPU = Release|Any CPU
	EndGlobalSection
	GlobalSection(ProjectConfigurationPlatforms) = postSolution
		{66B42BF0-C11E-4167-B944-68767AC26459}.Debug|Any CPU.ActiveCfg = Debug|Any CPU
		{66B42BF0-C11E-4167-B944-68767AC26459}.Debug|Any CPU.Build.0 = Debug|Any CPU
		{66B42BF0-C11E-4167-B944-68767AC26459}.Release|Any CPU.ActiveCfg = Release|Any CPU
		{66B42BF0-C11E-4167-B944-68767AC26459}.Release|Any CPU.Build.0 = Release|Any CPU
		{10045C37-1CA9-4F86-BD78-139A568BA07F}.Debug|Any CPU.ActiveCfg = Debug|Any CPU
		{10045C37-1CA9-4F86-BD78-139A568BA07F}.Debug|Any CPU.Build.0 = Debug|Any CPU
		{10045C37-1CA9-4F86-BD78-139A568BA07F}.Release|Any CPU.ActiveCfg = Release|Any CPU
		{10045C37-1CA9-4F86-BD78-139A568BA07F}.Release|Any CPU.Build.0 = Release|Any CPU
	EndGlobalSection
	GlobalSection(SolutionProperties) = preSolution
		HideSolutionNode = FALSE
	EndGlobalSection
	GlobalSection(ExtensibilityGlobals) = postSolution
		SolutionGuid = {2E4B8582-4836-4DDC-BF66-680BE89BE852}
	EndGlobalSection
EndGlobal
